
Microsoft Visual Studio Solution File, Format Version 12.00
# Visual Studio Version 16
VisualStudioVersion = 16.0.29025.244
MinimumVisualStudioVersion = 10.0.40219.1
Project("{FAE04EC0-301F-11D3-BF4B-00C04F79EFBC}") = "Protocol.Channel.Interface", "Protocol.Channel.Interface\Protocol.Channel.Interface.csproj", "{5608A2F2-3852-4B97-9E4E-5CF054E81326}"
EndProject
Project("{FAE04EC0-301F-11D3-BF4B-00C04F79EFBC}") = "Protocol.Data.Interface", "Protocol.Data.Interface\Protocol.Data.Interface.csproj", "{D8A6FC21-B411-4E95-87ED-982BE8654252}"
EndProject
Project("{FAE04EC0-301F-11D3-BF4B-00C04F79EFBC}") = "Protocol.Manager", "Protocol.Manager\Protocol.Manager.csproj", "{5DE5AA83-1F6D-45FB-BE29-CD88235A2701}"
EndProject
Project("{FAE04EC0-301F-11D3-BF4B-00C04F79EFBC}") = "Protocol.Channel.Gsm", "Protocol.Channel.Gsm\Protocol.Channel.Gsm.csproj", "{44AA2A2C-9B8F-486A-8DDD-E0DC3746B0A7}"
	ProjectSection(ProjectDependencies) = postProject
		{5608A2F2-3852-4B97-9E4E-5CF054E81326} = {5608A2F2-3852-4B97-9E4E-5CF054E81326}
	EndProjectSection
EndProject
Project("{FAE04EC0-301F-11D3-BF4B-00C04F79EFBC}") = "Protocol.Channel.Gprs", "Protocol.Channel.Gprs\Protocol.Channel.Gprs.csproj", "{1BC753C3-EA32-45F5-B5C3-964DB7BC7155}"
	ProjectSection(ProjectDependencies) = postProject
		{5608A2F2-3852-4B97-9E4E-5CF054E81326} = {5608A2F2-3852-4B97-9E4E-5CF054E81326}
	EndProjectSection
EndProject
Project("{FAE04EC0-301F-11D3-BF4B-00C04F79EFBC}") = "Protocol.Channel.Beidou", "Protocol.Channel.Beidou\Protocol.Channel.Beidou.csproj", "{E9F32FA7-E8C8-46D5-999C-8CAAC1578848}"
EndProject
Project("{FAE04EC0-301F-11D3-BF4B-00C04F79EFBC}") = "Protocol.Channel.Beidou500", "Protocol.Channel.Beidou500\Protocol.Channel.Beidou500.csproj", "{E000CBBB-9BAC-40AA-859E-D7C216036C80}"
EndProject
Project("{FAE04EC0-301F-11D3-BF4B-00C04F79EFBC}") = "Protocol.Channel.HDGprs", "Protocol.Channel.HDGprs\Protocol.Channel.HDGprs.csproj", "{9FF4D263-3E5C-41D8-9F09-A93C07C2E0EB}"
EndProject
Project("{FAE04EC0-301F-11D3-BF4B-00C04F79EFBC}") = "Protocol.Data.ZYJBX", "Protocol.Data.ZYJBX\Protocol.Data.ZYJBX.csproj", "{A0AD42D3-79DA-44C8-A475-6A3E360FCDCE}"
EndProject
Project("{FAE04EC0-301F-11D3-BF4B-00C04F79EFBC}") = "Protocol.Data.YNXY", "Protocol.Data.YNXY\Protocol.Data.YNXY.csproj", "{507B5EDC-16B6-44F5-8336-5B7BE1F9DB0C}"
EndProject
Project("{FAE04EC0-301F-11D3-BF4B-00C04F79EFBC}") = "Protocol.Data.DWXY", "Protocol.Data.DWXY\Protocol.Data.DWXY.csproj", "{A52D683D-214B-4E12-970B-79F6ADFAD06A}"
EndProject
Project("{FAE04EC0-301F-11D3-BF4B-00C04F79EFBC}") = "Protocol.Data.TDXY", "Protocol.Data.TDXY\Protocol.Data.TDXY.csproj", "{C1A9688D-700B-4863-BB47-5B2281686355}"
EndProject
Project("{FAE04EC0-301F-11D3-BF4B-00C04F79EFBC}") = "Protocol.Data.RG30", "Protocol.Data.RG30\Protocol.Data.RG30.csproj", "{651587DF-5546-460D-94ED-2B694C9E83D5}"
EndProject
Project("{FAE04EC0-301F-11D3-BF4B-00C04F79EFBC}") = "Protoco.data.ADCP", "Protoco.data.ADCP\Protoco.data.ADCP.csproj", "{92447AE5-78B9-4FC5-9F84-78556349FB22}"
EndProject
Project("{FAE04EC0-301F-11D3-BF4B-00C04F79EFBC}") = "Protocol.Data.DRoute", "Protocol.Data.DRoute\Protocol.Data.DRoute.csproj", "{3BE5428A-4A4F-408E-A4CD-37ABCD5FC90D}"
EndProject
Project("{FAE04EC0-301F-11D3-BF4B-00C04F79EFBC}") = "Protocol.Data.ZFXY", "Protocol.Data.ZFXY\Protocol.Data.ZFXY.csproj", "{4048CC78-7A36-409B-A82A-E9A0586A4FBF}"
EndProject
Project("{FAE04EC0-301F-11D3-BF4B-00C04F79EFBC}") = "Protocol.Data.SM100H", "Protocol.Data.SM100H\Protocol.Data.SM100H.csproj", "{73A7A6C5-2645-4663-979E-5B6DBF8D8BA2}"
EndProject
Project("{FAE04EC0-301F-11D3-BF4B-00C04F79EFBC}") = "Protocol.Data.EN2B", "Protocol.Data.EN2B\Protocol.Data.EN2B.csproj", "{5F23BEAD-F682-46CD-984E-C1CAA741A1C0}"
EndProject
Project("{FAE04EC0-301F-11D3-BF4B-00C04F79EFBC}") = "Protocol.Data.OBS", "Protocol.data.OBS\Protocol.Data.OBS.csproj", "{927D79E6-6360-40B8-A8FC-4D178B070E60}"
EndProject
Project("{FAE04EC0-301F-11D3-BF4B-00C04F79EFBC}") = "Protocol.Data.PWD50", "Protocol.Data.PWD50\Protocol.Data.PWD50.csproj", "{D57494DE-231B-4DED-89E8-37DAD836CC8A}"
EndProject
Project("{FAE04EC0-301F-11D3-BF4B-00C04F79EFBC}") = "Protocol.Channel.Transparen", "Protocol.Channel.Transparen\Protocol.Channel.Transparen.csproj", "{EF290C05-9C2F-46E6-A85D-3DDD64C3E2F8}"
EndProject
Project("{FAE04EC0-301F-11D3-BF4B-00C04F79EFBC}") = "Protocol.Channer.Router", "Protocol.Channer.Router\Protocol.Channer.Router.csproj", "{0FED1E45-42DE-4D99-B490-326EDA8AC452}"
EndProject
Global
	GlobalSection(SolutionConfigurationPlatforms) = preSolution
		Debug|Any CPU = Debug|Any CPU
		Debug|Mixed Platforms = Debug|Mixed Platforms
		Debug|x86 = Debug|x86
		Release|Any CPU = Release|Any CPU
		Release|Mixed Platforms = Release|Mixed Platforms
		Release|x86 = Release|x86
	EndGlobalSection
	GlobalSection(ProjectConfigurationPlatforms) = postSolution
		{5608A2F2-3852-4B97-9E4E-5CF054E81326}.Debug|Any CPU.ActiveCfg = Debug|Any CPU
		{5608A2F2-3852-4B97-9E4E-5CF054E81326}.Debug|Any CPU.Build.0 = Debug|Any CPU
		{5608A2F2-3852-4B97-9E4E-5CF054E81326}.Debug|Mixed Platforms.ActiveCfg = Debug|Any CPU
		{5608A2F2-3852-4B97-9E4E-5CF054E81326}.Debug|Mixed Platforms.Build.0 = Debug|Any CPU
		{5608A2F2-3852-4B97-9E4E-5CF054E81326}.Debug|x86.ActiveCfg = Debug|Any CPU
		{5608A2F2-3852-4B97-9E4E-5CF054E81326}.Release|Any CPU.ActiveCfg = Release|Any CPU
		{5608A2F2-3852-4B97-9E4E-5CF054E81326}.Release|Any CPU.Build.0 = Release|Any CPU
		{5608A2F2-3852-4B97-9E4E-5CF054E81326}.Release|Mixed Platforms.ActiveCfg = Release|Any CPU
		{5608A2F2-3852-4B97-9E4E-5CF054E81326}.Release|Mixed Platforms.Build.0 = Release|Any CPU
		{5608A2F2-3852-4B97-9E4E-5CF054E81326}.Release|x86.ActiveCfg = Release|Any CPU
		{D8A6FC21-B411-4E95-87ED-982BE8654252}.Debug|Any CPU.ActiveCfg = Debug|Any CPU
		{D8A6FC21-B411-4E95-87ED-982BE8654252}.Debug|Any CPU.Build.0 = Debug|Any CPU
		{D8A6FC21-B411-4E95-87ED-982BE8654252}.Debug|Mixed Platforms.ActiveCfg = Debug|Any CPU
		{D8A6FC21-B411-4E95-87ED-982BE8654252}.Debug|Mixed Platforms.Build.0 = Debug|Any CPU
		{D8A6FC21-B411-4E95-87ED-982BE8654252}.Debug|x86.ActiveCfg = Debug|Any CPU
		{D8A6FC21-B411-4E95-87ED-982BE8654252}.Release|Any CPU.ActiveCfg = Release|Any CPU
		{D8A6FC21-B411-4E95-87ED-982BE8654252}.Release|Any CPU.Build.0 = Release|Any CPU
		{D8A6FC21-B411-4E95-87ED-982BE8654252}.Release|Mixed Platforms.ActiveCfg = Release|Any CPU
		{D8A6FC21-B411-4E95-87ED-982BE8654252}.Release|Mixed Platforms.Build.0 = Release|Any CPU
		{D8A6FC21-B411-4E95-87ED-982BE8654252}.Release|x86.ActiveCfg = Release|Any CPU
		{5DE5AA83-1F6D-45FB-BE29-CD88235A2701}.Debug|Any CPU.ActiveCfg = Debug|Any CPU
		{5DE5AA83-1F6D-45FB-BE29-CD88235A2701}.Debug|Any CPU.Build.0 = Debug|Any CPU
		{5DE5AA83-1F6D-45FB-BE29-CD88235A2701}.Debug|Mixed Platforms.ActiveCfg = Debug|Any CPU
		{5DE5AA83-1F6D-45FB-BE29-CD88235A2701}.Debug|Mixed Platforms.Build.0 = Debug|Any CPU
		{5DE5AA83-1F6D-45FB-BE29-CD88235A2701}.Debug|x86.ActiveCfg = Debug|Any CPU
		{5DE5AA83-1F6D-45FB-BE29-CD88235A2701}.Release|Any CPU.ActiveCfg = Release|Any CPU
		{5DE5AA83-1F6D-45FB-BE29-CD88235A2701}.Release|Any CPU.Build.0 = Release|Any CPU
		{5DE5AA83-1F6D-45FB-BE29-CD88235A2701}.Release|Mixed Platforms.ActiveCfg = Release|Any CPU
		{5DE5AA83-1F6D-45FB-BE29-CD88235A2701}.Release|Mixed Platforms.Build.0 = Release|Any CPU
		{5DE5AA83-1F6D-45FB-BE29-CD88235A2701}.Release|x86.ActiveCfg = Release|Any CPU
		{44AA2A2C-9B8F-486A-8DDD-E0DC3746B0A7}.Debug|Any CPU.ActiveCfg = Debug|Any CPU
		{44AA2A2C-9B8F-486A-8DDD-E0DC3746B0A7}.Debug|Any CPU.Build.0 = Debug|Any CPU
		{44AA2A2C-9B8F-486A-8DDD-E0DC3746B0A7}.Debug|Mixed Platforms.ActiveCfg = Debug|Any CPU
		{44AA2A2C-9B8F-486A-8DDD-E0DC3746B0A7}.Debug|Mixed Platforms.Build.0 = Debug|Any CPU
		{44AA2A2C-9B8F-486A-8DDD-E0DC3746B0A7}.Debug|x86.ActiveCfg = Debug|Any CPU
		{44AA2A2C-9B8F-486A-8DDD-E0DC3746B0A7}.Release|Any CPU.ActiveCfg = Release|Any CPU
		{44AA2A2C-9B8F-486A-8DDD-E0DC3746B0A7}.Release|Any CPU.Build.0 = Release|Any CPU
		{44AA2A2C-9B8F-486A-8DDD-E0DC3746B0A7}.Release|Mixed Platforms.ActiveCfg = Release|Any CPU
		{44AA2A2C-9B8F-486A-8DDD-E0DC3746B0A7}.Release|Mixed Platforms.Build.0 = Release|Any CPU
		{44AA2A2C-9B8F-486A-8DDD-E0DC3746B0A7}.Release|x86.ActiveCfg = Release|Any CPU
		{1BC753C3-EA32-45F5-B5C3-964DB7BC7155}.Debug|Any CPU.ActiveCfg = Debug|Any CPU
		{1BC753C3-EA32-45F5-B5C3-964DB7BC7155}.Debug|Any CPU.Build.0 = Debug|Any CPU
		{1BC753C3-EA32-45F5-B5C3-964DB7BC7155}.Debug|Mixed Platforms.ActiveCfg = Debug|Any CPU
		{1BC753C3-EA32-45F5-B5C3-964DB7BC7155}.Debug|Mixed Platforms.Build.0 = Debug|Any CPU
		{1BC753C3-EA32-45F5-B5C3-964DB7BC7155}.Debug|x86.ActiveCfg = Debug|Any CPU
		{1BC753C3-EA32-45F5-B5C3-964DB7BC7155}.Debug|x86.Build.0 = Debug|Any CPU
		{1BC753C3-EA32-45F5-B5C3-964DB7BC7155}.Release|Any CPU.ActiveCfg = Release|Any CPU
		{1BC753C3-EA32-45F5-B5C3-964DB7BC7155}.Release|Any CPU.Build.0 = Release|Any CPU
		{1BC753C3-EA32-45F5-B5C3-964DB7BC7155}.Release|Mixed Platforms.ActiveCfg = Release|Any CPU
		{1BC753C3-EA32-45F5-B5C3-964DB7BC7155}.Release|Mixed Platforms.Build.0 = Release|Any CPU
		{1BC753C3-EA32-45F5-B5C3-964DB7BC7155}.Release|x86.ActiveCfg = Release|Any CPU
		{E9F32FA7-E8C8-46D5-999C-8CAAC1578848}.Debug|Any CPU.ActiveCfg = Debug|Any CPU
		{E9F32FA7-E8C8-46D5-999C-8CAAC1578848}.Debug|Any CPU.Build.0 = Debug|Any CPU
		{E9F32FA7-E8C8-46D5-999C-8CAAC1578848}.Debug|Mixed Platforms.ActiveCfg = Debug|Any CPU
		{E9F32FA7-E8C8-46D5-999C-8CAAC1578848}.Debug|Mixed Platforms.Build.0 = Debug|Any CPU
		{E9F32FA7-E8C8-46D5-999C-8CAAC1578848}.Debug|x86.ActiveCfg = Debug|Any CPU
		{E9F32FA7-E8C8-46D5-999C-8CAAC1578848}.Release|Any CPU.ActiveCfg = Release|Any CPU
		{E9F32FA7-E8C8-46D5-999C-8CAAC1578848}.Release|Any CPU.Build.0 = Release|Any CPU
		{E9F32FA7-E8C8-46D5-999C-8CAAC1578848}.Release|Mixed Platforms.ActiveCfg = Release|Any CPU
		{E9F32FA7-E8C8-46D5-999C-8CAAC1578848}.Release|Mixed Platforms.Build.0 = Release|Any CPU
		{E9F32FA7-E8C8-46D5-999C-8CAAC1578848}.Release|x86.ActiveCfg = Release|Any CPU
		{E000CBBB-9BAC-40AA-859E-D7C216036C80}.Debug|Any CPU.ActiveCfg = Debug|Any CPU
		{E000CBBB-9BAC-40AA-859E-D7C216036C80}.Debug|Any CPU.Build.0 = Debug|Any CPU
		{E000CBBB-9BAC-40AA-859E-D7C216036C80}.Debug|Mixed Platforms.ActiveCfg = Debug|Any CPU
		{E000CBBB-9BAC-40AA-859E-D7C216036C80}.Debug|Mixed Platforms.Build.0 = Debug|Any CPU
		{E000CBBB-9BAC-40AA-859E-D7C216036C80}.Debug|x86.ActiveCfg = Debug|Any CPU
		{E000CBBB-9BAC-40AA-859E-D7C216036C80}.Release|Any CPU.ActiveCfg = Release|Any CPU
		{E000CBBB-9BAC-40AA-859E-D7C216036C80}.Release|Any CPU.Build.0 = Release|Any CPU
		{E000CBBB-9BAC-40AA-859E-D7C216036C80}.Release|Mixed Platforms.ActiveCfg = Release|Any CPU
		{E000CBBB-9BAC-40AA-859E-D7C216036C80}.Release|Mixed Platforms.Build.0 = Release|Any CPU
		{E000CBBB-9BAC-40AA-859E-D7C216036C80}.Release|x86.ActiveCfg = Release|Any CPU
		{9FF4D263-3E5C-41D8-9F09-A93C07C2E0EB}.Debug|Any CPU.ActiveCfg = Debug|Any CPU
		{9FF4D263-3E5C-41D8-9F09-A93C07C2E0EB}.Debug|Any CPU.Build.0 = Debug|Any CPU
		{9FF4D263-3E5C-41D8-9F09-A93C07C2E0EB}.Debug|Mixed Platforms.ActiveCfg = Debug|Any CPU
		{9FF4D263-3E5C-41D8-9F09-A93C07C2E0EB}.Debug|Mixed Platforms.Build.0 = Debug|Any CPU
		{9FF4D263-3E5C-41D8-9F09-A93C07C2E0EB}.Debug|x86.ActiveCfg = Debug|Any CPU
		{9FF4D263-3E5C-41D8-9F09-A93C07C2E0EB}.Debug|x86.Build.0 = Debug|Any CPU
		{9FF4D263-3E5C-41D8-9F09-A93C07C2E0EB}.Release|Any CPU.ActiveCfg = Release|Any CPU
		{9FF4D263-3E5C-41D8-9F09-A93C07C2E0EB}.Release|Any CPU.Build.0 = Release|Any CPU
		{9FF4D263-3E5C-41D8-9F09-A93C07C2E0EB}.Release|Mixed Platforms.ActiveCfg = Release|Any CPU
		{9FF4D263-3E5C-41D8-9F09-A93C07C2E0EB}.Release|Mixed Platforms.Build.0 = Release|Any CPU
		{9FF4D263-3E5C-41D8-9F09-A93C07C2E0EB}.Release|x86.ActiveCfg = Release|Any CPU
		{9FF4D263-3E5C-41D8-9F09-A93C07C2E0EB}.Release|x86.Build.0 = Release|Any CPU
		{A0AD42D3-79DA-44C8-A475-6A3E360FCDCE}.Debug|Any CPU.ActiveCfg = Debug|Any CPU
		{A0AD42D3-79DA-44C8-A475-6A3E360FCDCE}.Debug|Any CPU.Build.0 = Debug|Any CPU
		{A0AD42D3-79DA-44C8-A475-6A3E360FCDCE}.Debug|Mixed Platforms.ActiveCfg = Debug|Any CPU
		{A0AD42D3-79DA-44C8-A475-6A3E360FCDCE}.Debug|Mixed Platforms.Build.0 = Debug|Any CPU
		{A0AD42D3-79DA-44C8-A475-6A3E360FCDCE}.Debug|x86.ActiveCfg = Debug|Any CPU
		{A0AD42D3-79DA-44C8-A475-6A3E360FCDCE}.Debug|x86.Build.0 = Debug|Any CPU
		{A0AD42D3-79DA-44C8-A475-6A3E360FCDCE}.Release|Any CPU.ActiveCfg = Release|Any CPU
		{A0AD42D3-79DA-44C8-A475-6A3E360FCDCE}.Release|Any CPU.Build.0 = Release|Any CPU
		{A0AD42D3-79DA-44C8-A475-6A3E360FCDCE}.Release|Mixed Platforms.ActiveCfg = Release|Any CPU
		{A0AD42D3-79DA-44C8-A475-6A3E360FCDCE}.Release|Mixed Platforms.Build.0 = Release|Any CPU
		{A0AD42D3-79DA-44C8-A475-6A3E360FCDCE}.Release|x86.ActiveCfg = Release|Any CPU
		{A0AD42D3-79DA-44C8-A475-6A3E360FCDCE}.Release|x86.Build.0 = Release|Any CPU
		{507B5EDC-16B6-44F5-8336-5B7BE1F9DB0C}.Debug|Any CPU.ActiveCfg = Debug|Any CPU
		{507B5EDC-16B6-44F5-8336-5B7BE1F9DB0C}.Debug|Any CPU.Build.0 = Debug|Any CPU
		{507B5EDC-16B6-44F5-8336-5B7BE1F9DB0C}.Debug|Mixed Platforms.ActiveCfg = Debug|Any CPU
		{507B5EDC-16B6-44F5-8336-5B7BE1F9DB0C}.Debug|Mixed Platforms.Build.0 = Debug|Any CPU
		{507B5EDC-16B6-44F5-8336-5B7BE1F9DB0C}.Debug|x86.ActiveCfg = Debug|Any CPU
		{507B5EDC-16B6-44F5-8336-5B7BE1F9DB0C}.Debug|x86.Build.0 = Debug|Any CPU
		{507B5EDC-16B6-44F5-8336-5B7BE1F9DB0C}.Release|Any CPU.ActiveCfg = Release|Any CPU
		{507B5EDC-16B6-44F5-8336-5B7BE1F9DB0C}.Release|Any CPU.Build.0 = Release|Any CPU
		{507B5EDC-16B6-44F5-8336-5B7BE1F9DB0C}.Release|Mixed Platforms.ActiveCfg = Release|Any CPU
		{507B5EDC-16B6-44F5-8336-5B7BE1F9DB0C}.Release|Mixed Platforms.Build.0 = Release|Any CPU
		{507B5EDC-16B6-44F5-8336-5B7BE1F9DB0C}.Release|x86.ActiveCfg = Release|Any CPU
		{507B5EDC-16B6-44F5-8336-5B7BE1F9DB0C}.Release|x86.Build.0 = Release|Any CPU
		{A52D683D-214B-4E12-970B-79F6ADFAD06A}.Debug|Any CPU.ActiveCfg = Debug|Any CPU
		{A52D683D-214B-4E12-970B-79F6ADFAD06A}.Debug|Any CPU.Build.0 = Debug|Any CPU
		{A52D683D-214B-4E12-970B-79F6ADFAD06A}.Debug|Mixed Platforms.ActiveCfg = Debug|Any CPU
		{A52D683D-214B-4E12-970B-79F6ADFAD06A}.Debug|Mixed Platforms.Build.0 = Debug|Any CPU
		{A52D683D-214B-4E12-970B-79F6ADFAD06A}.Debug|x86.ActiveCfg = Debug|Any CPU
		{A52D683D-214B-4E12-970B-79F6ADFAD06A}.Debug|x86.Build.0 = Debug|Any CPU
		{A52D683D-214B-4E12-970B-79F6ADFAD06A}.Release|Any CPU.ActiveCfg = Release|Any CPU
		{A52D683D-214B-4E12-970B-79F6ADFAD06A}.Release|Any CPU.Build.0 = Release|Any CPU
		{A52D683D-214B-4E12-970B-79F6ADFAD06A}.Release|Mixed Platforms.ActiveCfg = Release|Any CPU
		{A52D683D-214B-4E12-970B-79F6ADFAD06A}.Release|Mixed Platforms.Build.0 = Release|Any CPU
		{A52D683D-214B-4E12-970B-79F6ADFAD06A}.Release|x86.ActiveCfg = Release|Any CPU
		{A52D683D-214B-4E12-970B-79F6ADFAD06A}.Release|x86.Build.0 = Release|Any CPU
		{C1A9688D-700B-4863-BB47-5B2281686355}.Debug|Any CPU.ActiveCfg = Debug|Any CPU
		{C1A9688D-700B-4863-BB47-5B2281686355}.Debug|Any CPU.Build.0 = Debug|Any CPU
		{C1A9688D-700B-4863-BB47-5B2281686355}.Debug|Mixed Platforms.ActiveCfg = Debug|Any CPU
		{C1A9688D-700B-4863-BB47-5B2281686355}.Debug|Mixed Platforms.Build.0 = Debug|Any CPU
		{C1A9688D-700B-4863-BB47-5B2281686355}.Debug|x86.ActiveCfg = Debug|Any CPU
		{C1A9688D-700B-4863-BB47-5B2281686355}.Debug|x86.Build.0 = Debug|Any CPU
		{C1A9688D-700B-4863-BB47-5B2281686355}.Release|Any CPU.ActiveCfg = Release|Any CPU
		{C1A9688D-700B-4863-BB47-5B2281686355}.Release|Any CPU.Build.0 = Release|Any CPU
		{C1A9688D-700B-4863-BB47-5B2281686355}.Release|Mixed Platforms.ActiveCfg = Release|Any CPU
		{C1A9688D-700B-4863-BB47-5B2281686355}.Release|Mixed Platforms.Build.0 = Release|Any CPU
		{C1A9688D-700B-4863-BB47-5B2281686355}.Release|x86.ActiveCfg = Release|Any CPU
		{C1A9688D-700B-4863-BB47-5B2281686355}.Release|x86.Build.0 = Release|Any CPU
		{651587DF-5546-460D-94ED-2B694C9E83D5}.Debug|Any CPU.ActiveCfg = Debug|Any CPU
		{651587DF-5546-460D-94ED-2B694C9E83D5}.Debug|Any CPU.Build.0 = Debug|Any CPU
		{651587DF-5546-460D-94ED-2B694C9E83D5}.Debug|Mixed Platforms.ActiveCfg = Debug|Any CPU
		{651587DF-5546-460D-94ED-2B694C9E83D5}.Debug|Mixed Platforms.Build.0 = Debug|Any CPU
		{651587DF-5546-460D-94ED-2B694C9E83D5}.Debug|x86.ActiveCfg = Debug|Any CPU
		{651587DF-5546-460D-94ED-2B694C9E83D5}.Debug|x86.Build.0 = Debug|Any CPU
		{651587DF-5546-460D-94ED-2B694C9E83D5}.Release|Any CPU.ActiveCfg = Release|Any CPU
		{651587DF-5546-460D-94ED-2B694C9E83D5}.Release|Any CPU.Build.0 = Release|Any CPU
		{651587DF-5546-460D-94ED-2B694C9E83D5}.Release|Mixed Platforms.ActiveCfg = Release|Any CPU
		{651587DF-5546-460D-94ED-2B694C9E83D5}.Release|Mixed Platforms.Build.0 = Release|Any CPU
		{651587DF-5546-460D-94ED-2B694C9E83D5}.Release|x86.ActiveCfg = Release|Any CPU
		{651587DF-5546-460D-94ED-2B694C9E83D5}.Release|x86.Build.0 = Release|Any CPU
		{92447AE5-78B9-4FC5-9F84-78556349FB22}.Debug|Any CPU.ActiveCfg = Debug|Any CPU
		{92447AE5-78B9-4FC5-9F84-78556349FB22}.Debug|Any CPU.Build.0 = Debug|Any CPU
		{92447AE5-78B9-4FC5-9F84-78556349FB22}.Debug|Mixed Platforms.ActiveCfg = Debug|Any CPU
		{92447AE5-78B9-4FC5-9F84-78556349FB22}.Debug|Mixed Platforms.Build.0 = Debug|Any CPU
		{92447AE5-78B9-4FC5-9F84-78556349FB22}.Debug|x86.ActiveCfg = Debug|Any CPU
		{92447AE5-78B9-4FC5-9F84-78556349FB22}.Debug|x86.Build.0 = Debug|Any CPU
		{92447AE5-78B9-4FC5-9F84-78556349FB22}.Release|Any CPU.ActiveCfg = Release|Any CPU
		{92447AE5-78B9-4FC5-9F84-78556349FB22}.Release|Any CPU.Build.0 = Release|Any CPU
		{92447AE5-78B9-4FC5-9F84-78556349FB22}.Release|Mixed Platforms.ActiveCfg = Release|Any CPU
		{92447AE5-78B9-4FC5-9F84-78556349FB22}.Release|Mixed Platforms.Build.0 = Release|Any CPU
		{92447AE5-78B9-4FC5-9F84-78556349FB22}.Release|x86.ActiveCfg = Release|Any CPU
		{92447AE5-78B9-4FC5-9F84-78556349FB22}.Release|x86.Build.0 = Release|Any CPU
		{3BE5428A-4A4F-408E-A4CD-37ABCD5FC90D}.Debug|Any CPU.ActiveCfg = Debug|Any CPU
		{3BE5428A-4A4F-408E-A4CD-37ABCD5FC90D}.Debug|Any CPU.Build.0 = Debug|Any CPU
		{3BE5428A-4A4F-408E-A4CD-37ABCD5FC90D}.Debug|Mixed Platforms.ActiveCfg = Debug|Any CPU
		{3BE5428A-4A4F-408E-A4CD-37ABCD5FC90D}.Debug|Mixed Platforms.Build.0 = Debug|Any CPU
		{3BE5428A-4A4F-408E-A4CD-37ABCD5FC90D}.Debug|x86.ActiveCfg = Debug|Any CPU
		{3BE5428A-4A4F-408E-A4CD-37ABCD5FC90D}.Debug|x86.Build.0 = Debug|Any CPU
		{3BE5428A-4A4F-408E-A4CD-37ABCD5FC90D}.Release|Any CPU.ActiveCfg = Release|Any CPU
		{3BE5428A-4A4F-408E-A4CD-37ABCD5FC90D}.Release|Any CPU.Build.0 = Release|Any CPU
		{3BE5428A-4A4F-408E-A4CD-37ABCD5FC90D}.Release|Mixed Platforms.ActiveCfg = Release|Any CPU
		{3BE5428A-4A4F-408E-A4CD-37ABCD5FC90D}.Release|Mixed Platforms.Build.0 = Release|Any CPU
		{3BE5428A-4A4F-408E-A4CD-37ABCD5FC90D}.Release|x86.ActiveCfg = Release|Any CPU
		{3BE5428A-4A4F-408E-A4CD-37ABCD5FC90D}.Release|x86.Build.0 = Release|Any CPU
		{4048CC78-7A36-409B-A82A-E9A0586A4FBF}.Debug|Any CPU.ActiveCfg = Debug|Any CPU
		{4048CC78-7A36-409B-A82A-E9A0586A4FBF}.Debug|Any CPU.Build.0 = Debug|Any CPU
		{4048CC78-7A36-409B-A82A-E9A0586A4FBF}.Debug|Mixed Platforms.ActiveCfg = Debug|Any CPU
		{4048CC78-7A36-409B-A82A-E9A0586A4FBF}.Debug|Mixed Platforms.Build.0 = Debug|Any CPU
		{4048CC78-7A36-409B-A82A-E9A0586A4FBF}.Debug|x86.ActiveCfg = Debug|Any CPU
		{4048CC78-7A36-409B-A82A-E9A0586A4FBF}.Debug|x86.Build.0 = Debug|Any CPU
		{4048CC78-7A36-409B-A82A-E9A0586A4FBF}.Release|Any CPU.ActiveCfg = Release|Any CPU
		{4048CC78-7A36-409B-A82A-E9A0586A4FBF}.Release|Any CPU.Build.0 = Release|Any CPU
		{4048CC78-7A36-409B-A82A-E9A0586A4FBF}.Release|Mixed Platforms.ActiveCfg = Release|Any CPU
		{4048CC78-7A36-409B-A82A-E9A0586A4FBF}.Release|Mixed Platforms.Build.0 = Release|Any CPU
		{4048CC78-7A36-409B-A82A-E9A0586A4FBF}.Release|x86.ActiveCfg = Release|Any CPU
		{4048CC78-7A36-409B-A82A-E9A0586A4FBF}.Release|x86.Build.0 = Release|Any CPU
		{73A7A6C5-2645-4663-979E-5B6DBF8D8BA2}.Debug|Any CPU.ActiveCfg = Debug|Any CPU
		{73A7A6C5-2645-4663-979E-5B6DBF8D8BA2}.Debug|Any CPU.Build.0 = Debug|Any CPU
		{73A7A6C5-2645-4663-979E-5B6DBF8D8BA2}.Debug|Mixed Platforms.ActiveCfg = Debug|Any CPU
		{73A7A6C5-2645-4663-979E-5B6DBF8D8BA2}.Debug|Mixed Platforms.Build.0 = Debug|Any CPU
		{73A7A6C5-2645-4663-979E-5B6DBF8D8BA2}.Debug|x86.ActiveCfg = Debug|Any CPU
		{73A7A6C5-2645-4663-979E-5B6DBF8D8BA2}.Debug|x86.Build.0 = Debug|Any CPU
		{73A7A6C5-2645-4663-979E-5B6DBF8D8BA2}.Release|Any CPU.ActiveCfg = Release|Any CPU
		{73A7A6C5-2645-4663-979E-5B6DBF8D8BA2}.Release|Any CPU.Build.0 = Release|Any CPU
		{73A7A6C5-2645-4663-979E-5B6DBF8D8BA2}.Release|Mixed Platforms.ActiveCfg = Release|Any CPU
		{73A7A6C5-2645-4663-979E-5B6DBF8D8BA2}.Release|Mixed Platforms.Build.0 = Release|Any CPU
		{73A7A6C5-2645-4663-979E-5B6DBF8D8BA2}.Release|x86.ActiveCfg = Release|Any CPU
		{73A7A6C5-2645-4663-979E-5B6DBF8D8BA2}.Release|x86.Build.0 = Release|Any CPU
		{5F23BEAD-F682-46CD-984E-C1CAA741A1C0}.Debug|Any CPU.ActiveCfg = Debug|Any CPU
		{5F23BEAD-F682-46CD-984E-C1CAA741A1C0}.Debug|Any CPU.Build.0 = Debug|Any CPU
		{5F23BEAD-F682-46CD-984E-C1CAA741A1C0}.Debug|Mixed Platforms.ActiveCfg = Debug|Any CPU
		{5F23BEAD-F682-46CD-984E-C1CAA741A1C0}.Debug|Mixed Platforms.Build.0 = Debug|Any CPU
		{5F23BEAD-F682-46CD-984E-C1CAA741A1C0}.Debug|x86.ActiveCfg = Debug|Any CPU
		{5F23BEAD-F682-46CD-984E-C1CAA741A1C0}.Debug|x86.Build.0 = Debug|Any CPU
		{5F23BEAD-F682-46CD-984E-C1CAA741A1C0}.Release|Any CPU.ActiveCfg = Release|Any CPU
		{5F23BEAD-F682-46CD-984E-C1CAA741A1C0}.Release|Any CPU.Build.0 = Release|Any CPU
		{5F23BEAD-F682-46CD-984E-C1CAA741A1C0}.Release|Mixed Platforms.ActiveCfg = Release|Any CPU
		{5F23BEAD-F682-46CD-984E-C1CAA741A1C0}.Release|Mixed Platforms.Build.0 = Release|Any CPU
		{5F23BEAD-F682-46CD-984E-C1CAA741A1C0}.Release|x86.ActiveCfg = Release|Any CPU
		{5F23BEAD-F682-46CD-984E-C1CAA741A1C0}.Release|x86.Build.0 = Release|Any CPU
		{927D79E6-6360-40B8-A8FC-4D178B070E60}.Debug|Any CPU.ActiveCfg = Debug|Any CPU
		{927D79E6-6360-40B8-A8FC-4D178B070E60}.Debug|Any CPU.Build.0 = Debug|Any CPU
		{927D79E6-6360-40B8-A8FC-4D178B070E60}.Debug|Mixed Platforms.ActiveCfg = Debug|Any CPU
		{927D79E6-6360-40B8-A8FC-4D178B070E60}.Debug|Mixed Platforms.Build.0 = Debug|Any CPU
		{927D79E6-6360-40B8-A8FC-4D178B070E60}.Debug|x86.ActiveCfg = Debug|Any CPU
		{927D79E6-6360-40B8-A8FC-4D178B070E60}.Debug|x86.Build.0 = Debug|Any CPU
		{927D79E6-6360-40B8-A8FC-4D178B070E60}.Release|Any CPU.ActiveCfg = Release|Any CPU
		{927D79E6-6360-40B8-A8FC-4D178B070E60}.Release|Any CPU.Build.0 = Release|Any CPU
		{927D79E6-6360-40B8-A8FC-4D178B070E60}.Release|Mixed Platforms.ActiveCfg = Release|Any CPU
		{927D79E6-6360-40B8-A8FC-4D178B070E60}.Release|Mixed Platforms.Build.0 = Release|Any CPU
		{927D79E6-6360-40B8-A8FC-4D178B070E60}.Release|x86.ActiveCfg = Release|Any CPU
		{927D79E6-6360-40B8-A8FC-4D178B070E60}.Release|x86.Build.0 = Release|Any CPU
		{D57494DE-231B-4DED-89E8-37DAD836CC8A}.Debug|Any CPU.ActiveCfg = Debug|Any CPU
		{D57494DE-231B-4DED-89E8-37DAD836CC8A}.Debug|Any CPU.Build.0 = Debug|Any CPU
		{D57494DE-231B-4DED-89E8-37DAD836CC8A}.Debug|Mixed Platforms.ActiveCfg = Debug|Any CPU
		{D57494DE-231B-4DED-89E8-37DAD836CC8A}.Debug|Mixed Platforms.Build.0 = Debug|Any CPU
		{D57494DE-231B-4DED-89E8-37DAD836CC8A}.Debug|x86.ActiveCfg = Debug|Any CPU
		{D57494DE-231B-4DED-89E8-37DAD836CC8A}.Debug|x86.Build.0 = Debug|Any CPU
		{D57494DE-231B-4DED-89E8-37DAD836CC8A}.Release|Any CPU.ActiveCfg = Release|Any CPU
		{D57494DE-231B-4DED-89E8-37DAD836CC8A}.Release|Any CPU.Build.0 = Release|Any CPU
		{D57494DE-231B-4DED-89E8-37DAD836CC8A}.Release|Mixed Platforms.ActiveCfg = Release|Any CPU
		{D57494DE-231B-4DED-89E8-37DAD836CC8A}.Release|Mixed Platforms.Build.0 = Release|Any CPU
		{D57494DE-231B-4DED-89E8-37DAD836CC8A}.Release|x86.ActiveCfg = Release|Any CPU
		{D57494DE-231B-4DED-89E8-37DAD836CC8A}.Release|x86.Build.0 = Release|Any CPU
		{EF290C05-9C2F-46E6-A85D-3DDD64C3E2F8}.Debug|Any CPU.ActiveCfg = Debug|Any CPU
		{EF290C05-9C2F-46E6-A85D-3DDD64C3E2F8}.Debug|Any CPU.Build.0 = Debug|Any CPU
		{EF290C05-9C2F-46E6-A85D-3DDD64C3E2F8}.Debug|Mixed Platforms.ActiveCfg = Debug|Any CPU
		{EF290C05-9C2F-46E6-A85D-3DDD64C3E2F8}.Debug|Mixed Platforms.Build.0 = Debug|Any CPU
		{EF290C05-9C2F-46E6-A85D-3DDD64C3E2F8}.Debug|x86.ActiveCfg = Debug|Any CPU
		{EF290C05-9C2F-46E6-A85D-3DDD64C3E2F8}.Debug|x86.Build.0 = Debug|Any CPU
		{EF290C05-9C2F-46E6-A85D-3DDD64C3E2F8}.Release|Any CPU.ActiveCfg = Release|Any CPU
		{EF290C05-9C2F-46E6-A85D-3DDD64C3E2F8}.Release|Any CPU.Build.0 = Release|Any CPU
		{EF290C05-9C2F-46E6-A85D-3DDD64C3E2F8}.Release|Mixed Platforms.ActiveCfg = Release|Any CPU
		{EF290C05-9C2F-46E6-A85D-3DDD64C3E2F8}.Release|Mixed Platforms.Build.0 = Release|Any CPU
		{EF290C05-9C2F-46E6-A85D-3DDD64C3E2F8}.Release|x86.ActiveCfg = Release|Any CPU
		{EF290C05-9C2F-46E6-A85D-3DDD64C3E2F8}.Release|x86.Build.0 = Release|Any CPU
		{0FED1E45-42DE-4D99-B490-326EDA8AC452}.Debug|Any CPU.ActiveCfg = Debug|Any CPU
		{0FED1E45-42DE-4D99-B490-326EDA8AC452}.Debug|Any CPU.Build.0 = Debug|Any CPU
		{0FED1E45-42DE-4D99-B490-326EDA8AC452}.Debug|Mixed Platforms.ActiveCfg = Debug|Any CPU
		{0FED1E45-42DE-4D99-B490-326EDA8AC452}.Debug|Mixed Platforms.Build.0 = Debug|Any CPU
		{0FED1E45-42DE-4D99-B490-326EDA8AC452}.Debug|x86.ActiveCfg = Debug|Any CPU
		{0FED1E45-42DE-4D99-B490-326EDA8AC452}.Debug|x86.Build.0 = Debug|Any CPU
		{0FED1E45-42DE-4D99-B490-326EDA8AC452}.Release|Any CPU.ActiveCfg = Release|Any CPU
		{0FED1E45-42DE-4D99-B490-326EDA8AC452}.Release|Any CPU.Build.0 = Release|Any CPU
		{0FED1E45-42DE-4D99-B490-326EDA8AC452}.Release|Mixed Platforms.ActiveCfg = Release|Any CPU
		{0FED1E45-42DE-4D99-B490-326EDA8AC452}.Release|Mixed Platforms.Build.0 = Release|Any CPU
		{0FED1E45-42DE-4D99-B490-326EDA8AC452}.Release|x86.ActiveCfg = Release|Any CPU
		{0FED1E45-42DE-4D99-B490-326EDA8AC452}.Release|x86.Build.0 = Release|Any CPU
	EndGlobalSection
	GlobalSection(SolutionProperties) = preSolution
		HideSolutionNode = FALSE
	EndGlobalSection
	GlobalSection(ExtensibilityGlobals) = postSolution
		SolutionGuid = {CE2E0577-33F6-449A-9C36-F4CDE219D1B9}
	EndGlobalSection
EndGlobal
